
Microsoft Visual Studio Solution File, Format Version 12.00
# Visual Studio Version 16
VisualStudioVersion = 16.0.30104.148
MinimumVisualStudioVersion = 10.0.40219.1
Project("{9A19103F-16F7-4668-BE54-9A1E7A4F7556}") = "RemoteManger_WPF_NETCore3", "RemoteManger_WPF_NETCore3\RemoteManger_WPF_NETCore3.csproj", "{931FB274-5E0D-47FE-9E76-E821238A38E4}"
EndProject
Project("{9A19103F-16F7-4668-BE54-9A1E7A4F7556}") = "RemoteManager.Tools", "RemoteManager.Tool\RemoteManager.Tools.csproj", "{CAF31424-A689-45EC-8D8A-9F4A8CEA8DA0}"
EndProject
Project("{9A19103F-16F7-4668-BE54-9A1E7A4F7556}") = "RemoteManager.Entity", "RemoteManager.Entity\RemoteManager.Entity.csproj", "{CE357179-22F2-494B-93AE-29E4B797D25F}"
EndProject
Project("{9A19103F-16F7-4668-BE54-9A1E7A4F7556}") = "RemoteManager.Tools.TeamViewer", "RemoteManager.Tools.TeamViewer\RemoteManager.Tools.TeamViewer.csproj", "{AA426F4A-49B0-455C-B0DF-3045459973D4}"
EndProject
Project("{9A19103F-16F7-4668-BE54-9A1E7A4F7556}") = "ConsoleApp1", "ConsoleApp1\ConsoleApp1.csproj", "{65FEA5A0-60F0-44B4-8055-27A1C5F4E864}"
EndProject
Project("{9A19103F-16F7-4668-BE54-9A1E7A4F7556}") = "RemoteManager.Tools.OraySunLogin", "RemoteManager.Tools.OraySunLogin\RemoteManager.Tools.OraySunLogin.csproj", "{E987AF6D-B0CF-4AE7-B9AF-89907658E803}"
EndProject
Project("{2150E333-8FDC-42A3-9474-1A3956D46DE8}") = "readme", "readme", "{D90443D8-D0EB-4158-81DD-C7C5808169AB}"
	ProjectSection(SolutionItems) = preProject
		README.md = README.md
	EndProjectSection
EndProject
Project("{FAE04EC0-301F-11D3-BF4B-00C04F79EFBC}") = "RemoteManager.Tools.MSTSC", "RemoteManager.Tools.MSTSC\RemoteManager.Tools.MSTSC.csproj", "{29BD983C-DC8D-485F-B318-3EFC6E76AEB1}"
EndProject
Global
	GlobalSection(SolutionConfigurationPlatforms) = preSolution
		Debug|Any CPU = Debug|Any CPU
		Release|Any CPU = Release|Any CPU
	EndGlobalSection
	GlobalSection(ProjectConfigurationPlatforms) = postSolution
		{931FB274-5E0D-47FE-9E76-E821238A38E4}.Debug|Any CPU.ActiveCfg = Debug|Any CPU
		{931FB274-5E0D-47FE-9E76-E821238A38E4}.Debug|Any CPU.Build.0 = Debug|Any CPU
		{931FB274-5E0D-47FE-9E76-E821238A38E4}.Release|Any CPU.ActiveCfg = Release|Any CPU
		{931FB274-5E0D-47FE-9E76-E821238A38E4}.Release|Any CPU.Build.0 = Release|Any CPU
		{CAF31424-A689-45EC-8D8A-9F4A8CEA8DA0}.Debug|Any CPU.ActiveCfg = Debug|Any CPU
		{CAF31424-A689-45EC-8D8A-9F4A8CEA8DA0}.Debug|Any CPU.Build.0 = Debug|Any CPU
		{CAF31424-A689-45EC-8D8A-9F4A8CEA8DA0}.Release|Any CPU.ActiveCfg = Release|Any CPU
		{CAF31424-A689-45EC-8D8A-9F4A8CEA8DA0}.Release|Any CPU.Build.0 = Release|Any CPU
		{CE357179-22F2-494B-93AE-29E4B797D25F}.Debug|Any CPU.ActiveCfg = Debug|Any CPU
		{CE357179-22F2-494B-93AE-29E4B797D25F}.Debug|Any CPU.Build.0 = Debug|Any CPU
		{CE357179-22F2-494B-93AE-29E4B797D25F}.Release|Any CPU.ActiveCfg = Release|Any CPU
		{CE357179-22F2-494B-93AE-29E4B797D25F}.Release|Any CPU.Build.0 = Release|Any CPU
		{AA426F4A-49B0-455C-B0DF-3045459973D4}.Debug|Any CPU.ActiveCfg = Debug|Any CPU
		{AA426F4A-49B0-455C-B0DF-3045459973D4}.Debug|Any CPU.Build.0 = Debug|Any CPU
		{AA426F4A-49B0-455C-B0DF-3045459973D4}.Release|Any CPU.ActiveCfg = Release|Any CPU
		{AA426F4A-49B0-455C-B0DF-3045459973D4}.Release|Any CPU.Build.0 = Release|Any CPU
		{65FEA5A0-60F0-44B4-8055-27A1C5F4E864}.Debug|Any CPU.ActiveCfg = Debug|Any CPU
		{65FEA5A0-60F0-44B4-8055-27A1C5F4E864}.Debug|Any CPU.Build.0 = Debug|Any CPU
		{65FEA5A0-60F0-44B4-8055-27A1C5F4E864}.Release|Any CPU.ActiveCfg = Release|Any CPU
		{65FEA5A0-60F0-44B4-8055-27A1C5F4E864}.Release|Any CPU.Build.0 = Release|Any CPU
		{E987AF6D-B0CF-4AE7-B9AF-89907658E803}.Debug|Any CPU.ActiveCfg = Debug|Any CPU
		{E987AF6D-B0CF-4AE7-B9AF-89907658E803}.Debug|Any CPU.Build.0 = Debug|Any CPU
		{E987AF6D-B0CF-4AE7-B9AF-89907658E803}.Release|Any CPU.ActiveCfg = Release|Any CPU
		{E987AF6D-B0CF-4AE7-B9AF-89907658E803}.Release|Any CPU.Build.0 = Release|Any CPU
		{29BD983C-DC8D-485F-B318-3EFC6E76AEB1}.Debug|Any CPU.ActiveCfg = Debug|Any CPU
		{29BD983C-DC8D-485F-B318-3EFC6E76AEB1}.Debug|Any CPU.Build.0 = Debug|Any CPU
		{29BD983C-DC8D-485F-B318-3EFC6E76AEB1}.Release|Any CPU.ActiveCfg = Release|Any CPU
		{29BD983C-DC8D-485F-B318-3EFC6E76AEB1}.Release|Any CPU.Build.0 = Release|Any CPU
	EndGlobalSection
	GlobalSection(SolutionProperties) = preSolution
		HideSolutionNode = FALSE
	EndGlobalSection
	GlobalSection(ExtensibilityGlobals) = postSolution
		SolutionGuid = {455402AC-5DD7-4C69-B9B0-D539592A197A}
	EndGlobalSection
EndGlobal
